
Microsoft Visual Studio Solution File, Format Version 12.00
# Visual Studio Version 17
VisualStudioVersion = 17.5.002.0
MinimumVisualStudioVersion = 10.0.40219.1
Project("{9A19103F-16F7-4668-BE54-9A1E7A4F7556}") = "RabbitMQAPI", "RabbitMQAPI\RabbitMQAPI.csproj", "{9979C975-DC66-4A21-8FCF-41530FF1748B}"
EndProject
Global
	GlobalSection(SolutionConfigurationPlatforms) = preSolution
		Debug|Any CPU = Debug|Any CPU
		Release|Any CPU = Release|Any CPU
	EndGlobalSection
	GlobalSection(ProjectConfigurationPlatforms) = postSolution
		{9979C975-DC66-4A21-8FCF-41530FF1748B}.Debug|Any CPU.ActiveCfg = Debug|Any CPU
		{9979C975-DC66-4A21-8FCF-41530FF1748B}.Debug|Any CPU.Build.0 = Debug|Any CPU
		{9979C975-DC66-4A21-8FCF-41530FF1748B}.Release|Any CPU.ActiveCfg = Release|Any CPU
		{9979C975-DC66-4A21-8FCF-41530FF1748B}.Release|Any CPU.Build.0 = Release|Any CPU
	EndGlobalSection
	GlobalSection(SolutionProperties) = preSolution
		HideSolutionNode = FALSE
	EndGlobalSection
	GlobalSection(ExtensibilityGlobals) = postSolution
		SolutionGuid = {BF2936D4-9BBA-44AD-83A5-FE3E98738082}
	EndGlobalSection
EndGlobal
